
Microsoft Visual Studio Solution File, Format Version 12.00
# Visual Studio Version 17
VisualStudioVersion = 17.8.34330.188
MinimumVisualStudioVersion = 10.0.40219.1
Project("{FAE04EC0-301F-11D3-BF4B-00C04F79EFBC}") = "UI", "UI\UI.csproj", "{0E925C61-A6ED-46B6-A22B-3E1379920E9E}"
	ProjectSection(ProjectDependencies) = postProject
		{41040F32-6D70-449C-B949-30681714A053} = {41040F32-6D70-449C-B949-30681714A053}
	EndProjectSection
EndProject
Project("{FAE04EC0-301F-11D3-BF4B-00C04F79EFBC}") = "SistemaGerenciamento", "SistemaGerenciamento\SistemaGerenciamento.csproj", "{2B5B629E-2DA1-4954-947F-3EEC5C6C6979}"
EndProject
Project("{FAE04EC0-301F-11D3-BF4B-00C04F79EFBC}") = "Usuarios", "Usuario\Usuarios.csproj", "{41040F32-6D70-449C-B949-30681714A053}"
EndProject
Project("{FAE04EC0-301F-11D3-BF4B-00C04F79EFBC}") = "Livros", "Livro\Livros.csproj", "{96D2667C-9657-4A62-94CF-BE5CB17CD22E}"
EndProject
Project("{FAE04EC0-301F-11D3-BF4B-00C04F79EFBC}") = "LeitorArquivos", "JSON-Parser\LeitorArquivos.csproj", "{B5038652-DFC1-4929-B8E4-F6CA4A50D41E}"
EndProject
Project("{FAE04EC0-301F-11D3-BF4B-00C04F79EFBC}") = "Emprestimos", "Emprestimos\Emprestimos.csproj", "{0B7F2128-6E63-466C-86BE-BD0E29D72EFE}"
EndProject
Global
	GlobalSection(SolutionConfigurationPlatforms) = preSolution
		Debug|Any CPU = Debug|Any CPU
		Release|Any CPU = Release|Any CPU
	EndGlobalSection
	GlobalSection(ProjectConfigurationPlatforms) = postSolution
		{0E925C61-A6ED-46B6-A22B-3E1379920E9E}.Debug|Any CPU.ActiveCfg = Debug|Any CPU
		{0E925C61-A6ED-46B6-A22B-3E1379920E9E}.Debug|Any CPU.Build.0 = Debug|Any CPU
		{0E925C61-A6ED-46B6-A22B-3E1379920E9E}.Release|Any CPU.ActiveCfg = Release|Any CPU
		{0E925C61-A6ED-46B6-A22B-3E1379920E9E}.Release|Any CPU.Build.0 = Release|Any CPU
		{2B5B629E-2DA1-4954-947F-3EEC5C6C6979}.Debug|Any CPU.ActiveCfg = Debug|Any CPU
		{2B5B629E-2DA1-4954-947F-3EEC5C6C6979}.Debug|Any CPU.Build.0 = Debug|Any CPU
		{2B5B629E-2DA1-4954-947F-3EEC5C6C6979}.Release|Any CPU.ActiveCfg = Release|Any CPU
		{2B5B629E-2DA1-4954-947F-3EEC5C6C6979}.Release|Any CPU.Build.0 = Release|Any CPU
		{41040F32-6D70-449C-B949-30681714A053}.Debug|Any CPU.ActiveCfg = Debug|Any CPU
		{41040F32-6D70-449C-B949-30681714A053}.Debug|Any CPU.Build.0 = Debug|Any CPU
		{41040F32-6D70-449C-B949-30681714A053}.Release|Any CPU.ActiveCfg = Release|Any CPU
		{41040F32-6D70-449C-B949-30681714A053}.Release|Any CPU.Build.0 = Release|Any CPU
		{96D2667C-9657-4A62-94CF-BE5CB17CD22E}.Debug|Any CPU.ActiveCfg = Debug|Any CPU
		{96D2667C-9657-4A62-94CF-BE5CB17CD22E}.Debug|Any CPU.Build.0 = Debug|Any CPU
		{96D2667C-9657-4A62-94CF-BE5CB17CD22E}.Release|Any CPU.ActiveCfg = Release|Any CPU
		{96D2667C-9657-4A62-94CF-BE5CB17CD22E}.Release|Any CPU.Build.0 = Release|Any CPU
		{B5038652-DFC1-4929-B8E4-F6CA4A50D41E}.Debug|Any CPU.ActiveCfg = Debug|Any CPU
		{B5038652-DFC1-4929-B8E4-F6CA4A50D41E}.Debug|Any CPU.Build.0 = Debug|Any CPU
		{B5038652-DFC1-4929-B8E4-F6CA4A50D41E}.Release|Any CPU.ActiveCfg = Release|Any CPU
		{B5038652-DFC1-4929-B8E4-F6CA4A50D41E}.Release|Any CPU.Build.0 = Release|Any CPU
		{0B7F2128-6E63-466C-86BE-BD0E29D72EFE}.Debug|Any CPU.ActiveCfg = Debug|Any CPU
		{0B7F2128-6E63-466C-86BE-BD0E29D72EFE}.Debug|Any CPU.Build.0 = Debug|Any CPU
		{0B7F2128-6E63-466C-86BE-BD0E29D72EFE}.Release|Any CPU.ActiveCfg = Release|Any CPU
		{0B7F2128-6E63-466C-86BE-BD0E29D72EFE}.Release|Any CPU.Build.0 = Release|Any CPU
	EndGlobalSection
	GlobalSection(SolutionProperties) = preSolution
		HideSolutionNode = FALSE
	EndGlobalSection
	GlobalSection(ExtensibilityGlobals) = postSolution
		SolutionGuid = {963CD648-8943-4460-BA8F-A0DF60E6120D}
	EndGlobalSection
EndGlobal
